
Microsoft Visual Studio Solution File, Format Version 12.00
# Visual Studio Version 17
VisualStudioVersion = 17.7.34302.85
MinimumVisualStudioVersion = 10.0.40219.1
Project("{FAE04EC0-301F-11D3-BF4B-00C04F79EFBC}") = "MovieConsole", "MovieConsole\MovieConsole.csproj", "{1005F969-2F86-479C-BAD4-E7C21D66A359}"
EndProject
Global
	GlobalSection(SolutionConfigurationPlatforms) = preSolution
		Debug|Any CPU = Debug|Any CPU
		Release|Any CPU = Release|Any CPU
	EndGlobalSection
	GlobalSection(ProjectConfigurationPlatforms) = postSolution
		{1005F969-2F86-479C-BAD4-E7C21D66A359}.Debug|Any CPU.ActiveCfg = Debug|Any CPU
		{1005F969-2F86-479C-BAD4-E7C21D66A359}.Debug|Any CPU.Build.0 = Debug|Any CPU
		{1005F969-2F86-479C-BAD4-E7C21D66A359}.Release|Any CPU.ActiveCfg = Release|Any CPU
		{1005F969-2F86-479C-BAD4-E7C21D66A359}.Release|Any CPU.Build.0 = Release|Any CPU
	EndGlobalSection
	GlobalSection(SolutionProperties) = preSolution
		HideSolutionNode = FALSE
	EndGlobalSection
	GlobalSection(ExtensibilityGlobals) = postSolution
		SolutionGuid = {8021A4AC-A572-4785-AB89-7D011FD36BE8}
	EndGlobalSection
EndGlobal
